
Microsoft Visual Studio Solution File, Format Version 12.00
# Visual Studio 15
VisualStudioVersion = 15.0.26730.15
MinimumVisualStudioVersion = 10.0.40219.1
Project("{FAE04EC0-301F-11D3-BF4B-00C04F79EFBC}") = "CruiseControl", "Project1\CruiseControl.csproj", "{195F75F8-D1F6-42E6-A1D8-1373F3FEE308}"
EndProject
Global
	GlobalSection(SolutionConfigurationPlatforms) = preSolution
		Debug|Any CPU = Debug|Any CPU
		Release|Any CPU = Release|Any CPU
	EndGlobalSection
	GlobalSection(ProjectConfigurationPlatforms) = postSolution
		{195F75F8-D1F6-42E6-A1D8-1373F3FEE308}.Debug|Any CPU.ActiveCfg = Debug|Any CPU
		{195F75F8-D1F6-42E6-A1D8-1373F3FEE308}.Debug|Any CPU.Build.0 = Debug|Any CPU
		{195F75F8-D1F6-42E6-A1D8-1373F3FEE308}.Release|Any CPU.ActiveCfg = Release|Any CPU
		{195F75F8-D1F6-42E6-A1D8-1373F3FEE308}.Release|Any CPU.Build.0 = Release|Any CPU
	EndGlobalSection
	GlobalSection(SolutionProperties) = preSolution
		HideSolutionNode = FALSE
	EndGlobalSection
	GlobalSection(ExtensibilityGlobals) = postSolution
		SolutionGuid = {38951486-44FB-452D-9068-6671E1B07365}
	EndGlobalSection
EndGlobal
